
Microsoft Visual Studio Solution File, Format Version 12.00
# Visual Studio Version 17
VisualStudioVersion = 17.0.31903.59
MinimumVisualStudioVersion = 10.0.40219.1
Project("{9A19103F-16F7-4668-BE54-9A1E7A4F7556}") = "SmartHint.API", "src\SmartHint.API\SmartHint.API.csproj", "{C25A5E51-7B6F-4117-82E6-521A1A54D326}"
EndProject
Project("{9A19103F-16F7-4668-BE54-9A1E7A4F7556}") = "SmartHint.Core", "src\SmartHint.Core\SmartHint.Core.csproj", "{917FB644-3B28-4554-AF63-72E92B663A24}"
EndProject
Project("{9A19103F-16F7-4668-BE54-9A1E7A4F7556}") = "SmartHint.Application", "src\SmartHint.Application\SmartHint.Application.csproj", "{631A9875-AA6B-498B-ADE1-CAFE7336122F}"
EndProject
Project("{9A19103F-16F7-4668-BE54-9A1E7A4F7556}") = "SmartHint.Persistence", "src\SmartHint.Persistence\SmartHint.Persistence.csproj", "{964A7DFE-0046-4FBF-896D-B140F76E8ACA}"
EndProject
Project("{2150E333-8FDC-42A3-9474-1A3956D46DE8}") = "Core", "Core", "{6A35FF3A-B74A-4B25-A12C-DC588AE5DDEC}"
EndProject
Project("{2150E333-8FDC-42A3-9474-1A3956D46DE8}") = "src", "src", "{B1B6772E-C8E7-4E05-B0EE-3C94DF9C5755}"
EndProject
Project("{2150E333-8FDC-42A3-9474-1A3956D46DE8}") = "Presentations", "Presentations", "{AB706DC0-467B-4CD1-B5EF-3753B6C593D9}"
EndProject
Project("{2150E333-8FDC-42A3-9474-1A3956D46DE8}") = "Persistence", "Persistence", "{2970E420-9E8E-485F-A158-6A63D278F66C}"
EndProject
Project("{2150E333-8FDC-42A3-9474-1A3956D46DE8}") = "test", "test", "{D5C9974D-D8FC-4A84-BEDA-4C415BCBF4DF}"
EndProject
Project("{9A19103F-16F7-4668-BE54-9A1E7A4F7556}") = "SmartHint.Application.Test", "test\SmartHint.Application.Test\SmartHint.Application.Test.csproj", "{F0AB712C-AFDA-44A0-92BE-5FAABA796129}"
EndProject
Project("{2150E333-8FDC-42A3-9474-1A3956D46DE8}") = "Api", "Api", "{B7B0488D-2E33-41B9-86B6-ECFAD1961098}"
EndProject
Project("{9A19103F-16F7-4668-BE54-9A1E7A4F7556}") = "SmartHint.Core.Test", "test\SmartHint.Core.Test\SmartHint.Core.Test.csproj", "{23E5BDC4-5099-4425-A267-16827DE025FA}"
EndProject
Project("{2150E333-8FDC-42A3-9474-1A3956D46DE8}") = "UI", "UI", "{CAA13EBD-3622-46CB-950F-75BE667F6E72}"
EndProject
Global
	GlobalSection(SolutionConfigurationPlatforms) = preSolution
		Debug|Any CPU = Debug|Any CPU
		Release|Any CPU = Release|Any CPU
	EndGlobalSection
	GlobalSection(ProjectConfigurationPlatforms) = postSolution
		{C25A5E51-7B6F-4117-82E6-521A1A54D326}.Debug|Any CPU.ActiveCfg = Debug|Any CPU
		{C25A5E51-7B6F-4117-82E6-521A1A54D326}.Debug|Any CPU.Build.0 = Debug|Any CPU
		{C25A5E51-7B6F-4117-82E6-521A1A54D326}.Release|Any CPU.ActiveCfg = Release|Any CPU
		{C25A5E51-7B6F-4117-82E6-521A1A54D326}.Release|Any CPU.Build.0 = Release|Any CPU
		{917FB644-3B28-4554-AF63-72E92B663A24}.Debug|Any CPU.ActiveCfg = Debug|Any CPU
		{917FB644-3B28-4554-AF63-72E92B663A24}.Debug|Any CPU.Build.0 = Debug|Any CPU
		{917FB644-3B28-4554-AF63-72E92B663A24}.Release|Any CPU.ActiveCfg = Release|Any CPU
		{917FB644-3B28-4554-AF63-72E92B663A24}.Release|Any CPU.Build.0 = Release|Any CPU
		{631A9875-AA6B-498B-ADE1-CAFE7336122F}.Debug|Any CPU.ActiveCfg = Debug|Any CPU
		{631A9875-AA6B-498B-ADE1-CAFE7336122F}.Debug|Any CPU.Build.0 = Debug|Any CPU
		{631A9875-AA6B-498B-ADE1-CAFE7336122F}.Release|Any CPU.ActiveCfg = Release|Any CPU
		{631A9875-AA6B-498B-ADE1-CAFE7336122F}.Release|Any CPU.Build.0 = Release|Any CPU
		{964A7DFE-0046-4FBF-896D-B140F76E8ACA}.Debug|Any CPU.ActiveCfg = Debug|Any CPU
		{964A7DFE-0046-4FBF-896D-B140F76E8ACA}.Debug|Any CPU.Build.0 = Debug|Any CPU
		{964A7DFE-0046-4FBF-896D-B140F76E8ACA}.Release|Any CPU.ActiveCfg = Release|Any CPU
		{964A7DFE-0046-4FBF-896D-B140F76E8ACA}.Release|Any CPU.Build.0 = Release|Any CPU
		{F0AB712C-AFDA-44A0-92BE-5FAABA796129}.Debug|Any CPU.ActiveCfg = Debug|Any CPU
		{F0AB712C-AFDA-44A0-92BE-5FAABA796129}.Debug|Any CPU.Build.0 = Debug|Any CPU
		{F0AB712C-AFDA-44A0-92BE-5FAABA796129}.Release|Any CPU.ActiveCfg = Release|Any CPU
		{F0AB712C-AFDA-44A0-92BE-5FAABA796129}.Release|Any CPU.Build.0 = Release|Any CPU
		{23E5BDC4-5099-4425-A267-16827DE025FA}.Debug|Any CPU.ActiveCfg = Debug|Any CPU
		{23E5BDC4-5099-4425-A267-16827DE025FA}.Debug|Any CPU.Build.0 = Debug|Any CPU
		{23E5BDC4-5099-4425-A267-16827DE025FA}.Release|Any CPU.ActiveCfg = Release|Any CPU
		{23E5BDC4-5099-4425-A267-16827DE025FA}.Release|Any CPU.Build.0 = Release|Any CPU
	EndGlobalSection
	GlobalSection(SolutionProperties) = preSolution
		HideSolutionNode = FALSE
	EndGlobalSection
	GlobalSection(NestedProjects) = preSolution
		{C25A5E51-7B6F-4117-82E6-521A1A54D326} = {B7B0488D-2E33-41B9-86B6-ECFAD1961098}
		{917FB644-3B28-4554-AF63-72E92B663A24} = {6A35FF3A-B74A-4B25-A12C-DC588AE5DDEC}
		{631A9875-AA6B-498B-ADE1-CAFE7336122F} = {6A35FF3A-B74A-4B25-A12C-DC588AE5DDEC}
		{964A7DFE-0046-4FBF-896D-B140F76E8ACA} = {2970E420-9E8E-485F-A158-6A63D278F66C}
		{6A35FF3A-B74A-4B25-A12C-DC588AE5DDEC} = {B1B6772E-C8E7-4E05-B0EE-3C94DF9C5755}
		{AB706DC0-467B-4CD1-B5EF-3753B6C593D9} = {B1B6772E-C8E7-4E05-B0EE-3C94DF9C5755}
		{2970E420-9E8E-485F-A158-6A63D278F66C} = {B1B6772E-C8E7-4E05-B0EE-3C94DF9C5755}
		{F0AB712C-AFDA-44A0-92BE-5FAABA796129} = {D5C9974D-D8FC-4A84-BEDA-4C415BCBF4DF}
		{B7B0488D-2E33-41B9-86B6-ECFAD1961098} = {AB706DC0-467B-4CD1-B5EF-3753B6C593D9}
		{23E5BDC4-5099-4425-A267-16827DE025FA} = {D5C9974D-D8FC-4A84-BEDA-4C415BCBF4DF}
		{CAA13EBD-3622-46CB-950F-75BE667F6E72} = {AB706DC0-467B-4CD1-B5EF-3753B6C593D9}
	EndGlobalSection
	GlobalSection(ExtensibilityGlobals) = postSolution
		SolutionGuid = {C57EDF0D-DA3A-47F8-823C-B8E61A6D0D34}
	EndGlobalSection
EndGlobal
